
Microsoft Visual Studio Solution File, Format Version 12.00
# Visual Studio Version 16
VisualStudioVersion = 16.0.31729.503
MinimumVisualStudioVersion = 10.0.40219.1
Project("{9A19103F-16F7-4668-BE54-9A1E7A4F7556}") = "XMLProjectIS", "XMLProjectIS\XMLProjectIS.csproj", "{E4C57DB8-AC6B-45E6-8FE6-423CEE2A6717}"
EndProject
Global
	GlobalSection(SolutionConfigurationPlatforms) = preSolution
		Debug|Any CPU = Debug|Any CPU
		Release|Any CPU = Release|Any CPU
	EndGlobalSection
	GlobalSection(ProjectConfigurationPlatforms) = postSolution
		{E4C57DB8-AC6B-45E6-8FE6-423CEE2A6717}.Debug|Any CPU.ActiveCfg = Debug|Any CPU
		{E4C57DB8-AC6B-45E6-8FE6-423CEE2A6717}.Debug|Any CPU.Build.0 = Debug|Any CPU
		{E4C57DB8-AC6B-45E6-8FE6-423CEE2A6717}.Release|Any CPU.ActiveCfg = Release|Any CPU
		{E4C57DB8-AC6B-45E6-8FE6-423CEE2A6717}.Release|Any CPU.Build.0 = Release|Any CPU
	EndGlobalSection
	GlobalSection(SolutionProperties) = preSolution
		HideSolutionNode = FALSE
	EndGlobalSection
	GlobalSection(ExtensibilityGlobals) = postSolution
		SolutionGuid = {A6023F07-0928-45C4-866E-CCD54A81D998}
	EndGlobalSection
EndGlobal
